%{
  "elli": {:hex, :elli, "3.3.0", "089218762a7ff3d20ae81c8e911bd0f73ee4ee0ed85454226d1fc6b4fff3b4f6", [:rebar3], [], "hexpm", "698b13b33d05661db9fe7efcba41b84825a379cce86e486cf6aff9285be0ccf8"},
  "jason": {:hex, :jason, "1.2.2", "ba43e3f2709fd1aa1dce90aaabfd039d000469c05c56f0b8e31978e03fa39052", [:mix], [{:decimal, "~> 1.0 or ~> 2.0", [hex: :decimal, repo: "hexpm", optional: true]}], "hexpm", "18a228f5f0058ee183f29f9eae0805c6e59d61c3b006760668d8d18ff0d12179"},
}
